
Microsoft Visual Studio Solution File, Format Version 12.00
# Visual Studio 15
Project("{FAE04EC0-301F-11D3-BF4B-00C04F79EFBC}") = "Lab2.2", "Lab2.2\Lab2.2.csproj", "{7C60BC2A-6E29-4A5B-94C3-8B3A693A975F}"
EndProject
Global
	GlobalSection(SolutionConfigurationPlatforms) = preSolution
		Debug|Any CPU = Debug|Any CPU
		Release|Any CPU = Release|Any CPU
	EndGlobalSection
	GlobalSection(ProjectConfigurationPlatforms) = postSolution
		{7C60BC2A-6E29-4A5B-94C3-8B3A693A975F}.Debug|Any CPU.ActiveCfg = Debug|Any CPU
		{7C60BC2A-6E29-4A5B-94C3-8B3A693A975F}.Debug|Any CPU.Build.0 = Debug|Any CPU
		{7C60BC2A-6E29-4A5B-94C3-8B3A693A975F}.Release|Any CPU.ActiveCfg = Release|Any CPU
		{7C60BC2A-6E29-4A5B-94C3-8B3A693A975F}.Release|Any CPU.Build.0 = Release|Any CPU
	EndGlobalSection
EndGlobal
